
Microsoft Visual Studio Solution File, Format Version 12.00
# Visual Studio Version 17
VisualStudioVersion = 17.0.32112.339
MinimumVisualStudioVersion = 10.0.40219.1
Project("{FAE04EC0-301F-11D3-BF4B-00C04F79EFBC}") = "act15(try2)", "act15(try2).csproj", "{77F0EBC3-9B55-4959-B80F-8F38230C754C}"
EndProject
Global
	GlobalSection(SolutionConfigurationPlatforms) = preSolution
		Debug|Any CPU = Debug|Any CPU
		Release|Any CPU = Release|Any CPU
	EndGlobalSection
	GlobalSection(ProjectConfigurationPlatforms) = postSolution
		{77F0EBC3-9B55-4959-B80F-8F38230C754C}.Debug|Any CPU.ActiveCfg = Debug|Any CPU
		{77F0EBC3-9B55-4959-B80F-8F38230C754C}.Debug|Any CPU.Build.0 = Debug|Any CPU
		{77F0EBC3-9B55-4959-B80F-8F38230C754C}.Release|Any CPU.ActiveCfg = Release|Any CPU
		{77F0EBC3-9B55-4959-B80F-8F38230C754C}.Release|Any CPU.Build.0 = Release|Any CPU
	EndGlobalSection
	GlobalSection(SolutionProperties) = preSolution
		HideSolutionNode = FALSE
	EndGlobalSection
	GlobalSection(ExtensibilityGlobals) = postSolution
		SolutionGuid = {BE9DB64C-06A4-4C93-8966-5A923A5F9889}
	EndGlobalSection
EndGlobal
